# This file is automatically @generated by Poetry 1.6.1 and should not be changed by hand.

[[package]]
name = "autopep8"
version = "2.0.4"
description = "A tool that automatically formats Python code to conform to the PEP 8 style guide"
optional = false
python-versions = ">=3.6"
files = [
    {file = "autopep8-2.0.4-py2.py3-none-any.whl", hash = "sha256:067959ca4a07b24dbd5345efa8325f5f58da4298dab0dde0443d5ed765de80cb"},
    {file = "autopep8-2.0.4.tar.gz", hash = "sha256:2913064abd97b3419d1cc83ea71f042cb821f87e45b9c88cad5ad3c4ea87fe0c"},
]

[package.dependencies]
pycodestyle = ">=2.10.0"
tomli = {version = "*", markers = "python_version < \"3.11\""}

[[package]]
name = "colorama"
version = "0.4.6"
description = "Cross-platform colored terminal text."
optional = false
python-versions = "!=3.0.*,!=3.1.*,!=3.2.*,!=3.3.*,!=3.4.*,!=3.5.*,!=3.6.*,>=2.7"
files = [
    {file = "colorama-0.4.6-py2.py3-none-any.whl", hash = "sha256:4f1d9991f5acc0ca119f9d443620b77f9d6b33703e51011c16baf57afb285fc6"},
    {file = "colorama-0.4.6.tar.gz", hash = "sha256:08695f5cb7ed6e0531a20572697297273c47b8cae5a63ffc6d6ed5c201be6e44"},
]

[[package]]
name = "coverage"
version = "7.3.1"
description = "Code coverage measurement for Python"
optional = false
python-versions = ">=3.8"
files = [
    {file = "coverage-7.3.1-cp310-cp310-macosx_10_9_x86_64.whl", hash = "sha256:cd0f7429ecfd1ff597389907045ff209c8fdb5b013d38cfa7c60728cb484b6e3"},
    {file = "coverage-7.3.1-cp310-cp310-macosx_11_0_arm64.whl", hash = "sha256:966f10df9b2b2115da87f50f6a248e313c72a668248be1b9060ce935c871f276"},
    {file = "coverage-7.3.1-cp310-cp310-manylinux_2_17_aarch64.manylinux2014_aarch64.whl", hash = "sha256:0575c37e207bb9b98b6cf72fdaaa18ac909fb3d153083400c2d48e2e6d28bd8e"},
    {file = "coverage-7.3.1-cp310-cp310-manylinux_2_5_i686.manylinux1_i686.manylinux_2_17_i686.manylinux2014_i686.whl", hash = "sha256:245c5a99254e83875c7fed8b8b2536f040997a9b76ac4c1da5bff398c06e860f"},
    {file = "coverage-7.3.1-cp310-cp310-manylinux_2_5_x86_64.manylinux1_x86_64.manylinux_2_17_x86_64.manylinux2014_x86_64.whl", hash = "sha256:4c96dd7798d83b960afc6c1feb9e5af537fc4908852ef025600374ff1a017392"},
    {file = "coverage-7.3.1-cp310-cp310-musllinux_1_1_aarch64.whl", hash = "sha256:de30c1aa80f30af0f6b2058a91505ea6e36d6535d437520067f525f7df123887"},
    {file = "coverage-7.3.1-cp310-cp310-musllinux_1_1_i686.whl", hash = "sha256:50dd1e2dd13dbbd856ffef69196781edff26c800a74f070d3b3e3389cab2600d"},
    {file = "coverage-7.3.1-cp310-cp310-musllinux_1_1_x86_64.whl", hash = "sha256:b9c0c19f70d30219113b18fe07e372b244fb2a773d4afde29d5a2f7930765136"},
    {file = "coverage-7.3.1-cp310-cp310-win32.whl", hash = "sha256:770f143980cc16eb601ccfd571846e89a5fe4c03b4193f2e485268f224ab602f"},
    {file = "coverage-7.3.1-cp310-cp310-win_amd64.whl", hash = "sha256:cdd088c00c39a27cfa5329349cc763a48761fdc785879220d54eb785c8a38520"},
    {file = "coverage-7.3.1-cp311-cp311-macosx_10_9_x86_64.whl", hash = "sha256:74bb470399dc1989b535cb41f5ca7ab2af561e40def22d7e188e0a445e7639e3"},
    {file = "coverage-7.3.1-cp311-cp311-macosx_11_0_arm64.whl", hash = "sha256:025ded371f1ca280c035d91b43252adbb04d2aea4c7105252d3cbc227f03b375"},
    {file = "coverage-7.3.1-cp311-cp311-manylinux_2_17_aarch64.manylinux2014_aarch64.whl", hash = "sha256:a6191b3a6ad3e09b6cfd75b45c6aeeffe7e3b0ad46b268345d159b8df8d835f9"},
    {file = "coverage-7.3.1-cp311-cp311-manylinux_2_5_i686.manylinux1_i686.manylinux_2_17_i686.manylinux2014_i686.whl", hash = "sha256:7eb0b188f30e41ddd659a529e385470aa6782f3b412f860ce22b2491c89b8593"},
    {file = "coverage-7.3.1-cp311-cp311-manylinux_2_5_x86_64.manylinux1_x86_64.manylinux_2_17_x86_64.manylinux2014_x86_64.whl", hash = "sha256:75c8f0df9dfd8ff745bccff75867d63ef336e57cc22b2908ee725cc552689ec8"},
    {file = "coverage-7.3.1-cp311-cp311-musllinux_1_1_aarch64.whl", hash = "sha256:7eb3cd48d54b9bd0e73026dedce44773214064be93611deab0b6a43158c3d5a0"},
    {file = "coverage-7.3.1-cp311-cp311-musllinux_1_1_i686.whl", hash = "sha256:ac3c5b7e75acac31e490b7851595212ed951889918d398b7afa12736c85e13ce"},
    {file = "coverage-7.3.1-cp311-cp311-musllinux_1_1_x86_64.whl", hash = "sha256:5b4ee7080878077af0afa7238df1b967f00dc10763f6e1b66f5cced4abebb0a3"},
    {file = "coverage-7.3.1-cp311-cp311-win32.whl", hash = "sha256:229c0dd2ccf956bf5aeede7e3131ca48b65beacde2029f0361b54bf93d36f45a"},
    {file = "coverage-7.3.1-cp311-cp311-win_amd64.whl", hash = "sha256:c6f55d38818ca9596dc9019eae19a47410d5322408140d9a0076001a3dcb938c"},
    {file = "coverage-7.3.1-cp312-cp312-macosx_10_9_x86_64.whl", hash = "sha256:5289490dd1c3bb86de4730a92261ae66ea8d44b79ed3cc26464f4c2cde581fbc"},
    {file = "coverage-7.3.1-cp312-cp312-macosx_11_0_arm64.whl", hash = "sha256:ca833941ec701fda15414be400c3259479bfde7ae6d806b69e63b3dc423b1832"},
    {file = "coverage-7.3.1-cp312-cp312-manylinux_2_17_aarch64.manylinux2014_aarch64.whl", hash = "sha256:cd694e19c031733e446c8024dedd12a00cda87e1c10bd7b8539a87963685e969"},
    {file = "coverage-7.3.1-cp312-cp312-manylinux_2_5_i686.manylinux1_i686.manylinux_2_17_i686.manylinux2014_i686.whl", hash = "sha256:aab8e9464c00da5cb9c536150b7fbcd8850d376d1151741dd0d16dfe1ba4fd26"},
    {file = "coverage-7.3.1-cp312-cp312-manylinux_2_5_x86_64.manylinux1_x86_64.manylinux_2_17_x86_64.manylinux2014_x86_64.whl", hash = "sha256:87d38444efffd5b056fcc026c1e8d862191881143c3aa80bb11fcf9dca9ae204"},
    {file = "coverage-7.3.1-cp312-cp312-musllinux_1_1_aarch64.whl", hash = "sha256:8a07b692129b8a14ad7a37941a3029c291254feb7a4237f245cfae2de78de037"},
    {file = "coverage-7.3.1-cp312-cp312-musllinux_1_1_i686.whl", hash = "sha256:2829c65c8faaf55b868ed7af3c7477b76b1c6ebeee99a28f59a2cb5907a45760"},
    {file = "coverage-7.3.1-cp312-cp312-musllinux_1_1_x86_64.whl", hash = "sha256:1f111a7d85658ea52ffad7084088277135ec5f368457275fc57f11cebb15607f"},
    {file = "coverage-7.3.1-cp312-cp312-win32.whl", hash = "sha256:c397c70cd20f6df7d2a52283857af622d5f23300c4ca8e5bd8c7a543825baa5a"},
    {file = "coverage-7.3.1-cp312-cp312-win_amd64.whl", hash = "sha256:5ae4c6da8b3d123500f9525b50bf0168023313963e0e2e814badf9000dd6ef92"},
    {file = "coverage-7.3.1-cp38-cp38-macosx_10_9_x86_64.whl", hash = "sha256:ca70466ca3a17460e8fc9cea7123c8cbef5ada4be3140a1ef8f7b63f2f37108f"},
    {file = "coverage-7.3.1-cp38-cp38-macosx_11_0_arm64.whl", hash = "sha256:f2781fd3cabc28278dc982a352f50c81c09a1a500cc2086dc4249853ea96b981"},
    {file = "coverage-7.3.1-cp38-cp38-manylinux_2_17_aarch64.manylinux2014_aarch64.whl", hash = "sha256:6407424621f40205bbe6325686417e5e552f6b2dba3535dd1f90afc88a61d465"},
    {file = "coverage-7.3.1-cp38-cp38-manylinux_2_5_i686.manylinux1_i686.manylinux_2_17_i686.manylinux2014_i686.whl", hash = "sha256:04312b036580ec505f2b77cbbdfb15137d5efdfade09156961f5277149f5e344"},
    {file = "coverage-7.3.1-cp38-cp38-manylinux_2_5_x86_64.manylinux1_x86_64.manylinux_2_17_x86_64.manylinux2014_x86_64.whl", hash = "sha256:ac9ad38204887349853d7c313f53a7b1c210ce138c73859e925bc4e5d8fc18e7"},
    {file = "coverage-7.3.1-cp38-cp38-musllinux_1_1_aarch64.whl", hash = "sha256:53669b79f3d599da95a0afbef039ac0fadbb236532feb042c534fbb81b1a4e40"},
    {file = "coverage-7.3.1-cp38-cp38-musllinux_1_1_i686.whl", hash = "sha256:614f1f98b84eb256e4f35e726bfe5ca82349f8dfa576faabf8a49ca09e630086"},
    {file = "coverage-7.3.1-cp38-cp38-musllinux_1_1_x86_64.whl", hash = "sha256:f1a317fdf5c122ad642db8a97964733ab7c3cf6009e1a8ae8821089993f175ff"},
    {file = "coverage-7.3.1-cp38-cp38-win32.whl", hash = "sha256:defbbb51121189722420a208957e26e49809feafca6afeef325df66c39c4fdb3"},
    {file = "coverage-7.3.1-cp38-cp38-win_amd64.whl", hash = "sha256:f4f456590eefb6e1b3c9ea6328c1e9fa0f1006e7481179d749b3376fc793478e"},
    {file = "coverage-7.3.1-cp39-cp39-macosx_10_9_x86_64.whl", hash = "sha256:f12d8b11a54f32688b165fd1a788c408f927b0960984b899be7e4c190ae758f1"},
    {file = "coverage-7.3.1-cp39-cp39-macosx_11_0_arm64.whl", hash = "sha256:f09195dda68d94a53123883de75bb97b0e35f5f6f9f3aa5bf6e496da718f0cb6"},
    {file = "coverage-7.3.1-cp39-cp39-manylinux_2_17_aarch64.manylinux2014_aarch64.whl", hash = "sha256:c6601a60318f9c3945be6ea0f2a80571f4299b6801716f8a6e4846892737ebe4"},
    {file = "coverage-7.3.1-cp39-cp39-manylinux_2_5_i686.manylinux1_i686.manylinux_2_17_i686.manylinux2014_i686.whl", hash = "sha256:07d156269718670d00a3b06db2288b48527fc5f36859425ff7cec07c6b367745"},
    {file = "coverage-7.3.1-cp39-cp39-manylinux_2_5_x86_64.manylinux1_x86_64.manylinux_2_17_x86_64.manylinux2014_x86_64.whl", hash = "sha256:636a8ac0b044cfeccae76a36f3b18264edcc810a76a49884b96dd744613ec0b7"},
    {file = "coverage-7.3.1-cp39-cp39-musllinux_1_1_aarch64.whl", hash = "sha256:5d991e13ad2ed3aced177f524e4d670f304c8233edad3210e02c465351f785a0"},
    {file = "coverage-7.3.1-cp39-cp39-musllinux_1_1_i686.whl", hash = "sha256:586649ada7cf139445da386ab6f8ef00e6172f11a939fc3b2b7e7c9082052fa0"},
    {file = "coverage-7.3.1-cp39-cp39-musllinux_1_1_x86_64.whl", hash = "sha256:4aba512a15a3e1e4fdbfed2f5392ec221434a614cc68100ca99dcad7af29f3f8"},
    {file = "coverage-7.3.1-cp39-cp39-win32.whl", hash = "sha256:6bc6f3f4692d806831c136c5acad5ccedd0262aa44c087c46b7101c77e139140"},
    {file = "coverage-7.3.1-cp39-cp39-win_amd64.whl", hash = "sha256:553d7094cb27db58ea91332e8b5681bac107e7242c23f7629ab1316ee73c4981"},
    {file = "coverage-7.3.1-pp38.pp39.pp310-none-any.whl", hash = "sha256:220eb51f5fb38dfdb7e5d54284ca4d0cd70ddac047d750111a68ab1798945194"},
    {file = "coverage-7.3.1.tar.gz", hash = "sha256:6cb7fe1581deb67b782c153136541e20901aa312ceedaf1467dcb35255787952"},
]

[package.dependencies]
tomli = {version = "*", optional = true, markers = "python_full_version <= \"3.11.0a6\" and extra == \"toml\""}

[package.extras]
toml = ["tomli"]

[[package]]
name = "exceptiongroup"
version = "1.1.3"
description = "Backport of PEP 654 (exception groups)"
optional = false
python-versions = ">=3.7"
files = [
    {file = "exceptiongroup-1.1.3-py3-none-any.whl", hash = "sha256:343280667a4585d195ca1cf9cef84a4e178c4b6cf2274caef9859782b567d5e3"},
    {file = "exceptiongroup-1.1.3.tar.gz", hash = "sha256:097acd85d473d75af5bb98e41b61ff7fe35efe6675e4f9370ec6ec5126d160e9"},
]

[package.extras]
test = ["pytest (>=6)"]

[[package]]
name = "flake8"
version = "6.1.0"
description = "the modular source code checker: pep8 pyflakes and co"
optional = false
python-versions = ">=3.8.1"
files = [
    {file = "flake8-6.1.0-py2.py3-none-any.whl", hash = "sha256:ffdfce58ea94c6580c77888a86506937f9a1a227dfcd15f245d694ae20a6b6e5"},
    {file = "flake8-6.1.0.tar.gz", hash = "sha256:d5b3857f07c030bdb5bf41c7f53799571d75c4491748a3adcd47de929e34cd23"},
]

[package.dependencies]
mccabe = ">=0.7.0,<0.8.0"
pycodestyle = ">=2.11.0,<2.12.0"
pyflakes = ">=3.1.0,<3.2.0"

[[package]]
name = "iniconfig"
version = "2.0.0"
description = "brain-dead simple config-ini parsing"
optional = false
python-versions = ">=3.7"
files = [
    {file = "iniconfig-2.0.0-py3-none-any.whl", hash = "sha256:b6a85871a79d2e3b22d2d1b94ac2824226a63c6b741c88f7ae975f18b6778374"},
    {file = "iniconfig-2.0.0.tar.gz", hash = "sha256:2d91e135bf72d31a410b17c16da610a82cb55f6b0477d1a902134b24a455b8b3"},
]

[[package]]
name = "jinja2"
version = "3.1.2"
description = "A very fast and expressive template engine."
optional = false
python-versions = ">=3.7"
files = [
    {file = "Jinja2-3.1.2-py3-none-any.whl", hash = "sha256:6088930bfe239f0e6710546ab9c19c9ef35e29792895fed6e6e31a023a182a61"},
    {file = "Jinja2-3.1.2.tar.gz", hash = "sha256:31351a702a408a9e7595a8fc6150fc3f43bb6bf7e319770cbc0db9df9437e852"},
]

[package.dependencies]
MarkupSafe = ">=2.0"

[package.extras]
i18n = ["Babel (>=2.7)"]

[[package]]
name = "markupsafe"
version = "2.1.3"
description = "Safely add untrusted strings to HTML/XML markup."
optional = false
python-versions = ">=3.7"
files = [
    {file = "MarkupSafe-2.1.3-cp310-cp310-macosx_10_9_universal2.whl", hash = "sha256:cd0f502fe016460680cd20aaa5a76d241d6f35a1c3350c474bac1273803893fa"},
    {file = "MarkupSafe-2.1.3-cp310-cp310-macosx_10_9_x86_64.whl", hash = "sha256:e09031c87a1e51556fdcb46e5bd4f59dfb743061cf93c4d6831bf894f125eb57"},
    {file = "MarkupSafe-2.1.3-cp310-cp310-manylinux_2_17_aarch64.manylinux2014_aarch64.whl", hash = "sha256:68e78619a61ecf91e76aa3e6e8e33fc4894a2bebe93410754bd28fce0a8a4f9f"},
    {file = "MarkupSafe-2.1.3-cp310-cp310-manylinux_2_17_x86_64.manylinux2014_x86_64.whl", hash = "sha256:65c1a9bcdadc6c28eecee2c119465aebff8f7a584dd719facdd9e825ec61ab52"},
    {file = "MarkupSafe-2.1.3-cp310-cp310-manylinux_2_5_i686.manylinux1_i686.manylinux_2_17_i686.manylinux2014_i686.whl", hash = "sha256:525808b8019e36eb524b8c68acdd63a37e75714eac50e988180b169d64480a00"},
    {file = "MarkupSafe-2.1.3-cp310-cp310-musllinux_1_1_aarch64.whl", hash = "sha256:962f82a3086483f5e5f64dbad880d31038b698494799b097bc59c2edf392fce6"},
    {file = "MarkupSafe-2.1.3-cp310-cp310-musllinux_1_1_i686.whl", hash = "sha256:aa7bd130efab1c280bed0f45501b7c8795f9fdbeb02e965371bbef3523627779"},
    {file = "MarkupSafe-2.1.3-cp310-cp310-musllinux_1_1_x86_64.whl", hash = "sha256:c9c804664ebe8f83a211cace637506669e7890fec1b4195b505c214e50dd4eb7"},
    {file = "MarkupSafe-2.1.3-cp310-cp310-win32.whl", hash = "sha256:10bbfe99883db80bdbaff2dcf681dfc6533a614f700da1287707e8a5d78a8431"},
    {file = "MarkupSafe-2.1.3-cp310-cp310-win_amd64.whl", hash = "sha256:1577735524cdad32f9f694208aa75e422adba74f1baee7551620e43a3141f559"},
    {file = "MarkupSafe-2.1.3-cp311-cp311-macosx_10_9_universal2.whl", hash = "sha256:ad9e82fb8f09ade1c3e1b996a6337afac2b8b9e365f926f5a61aacc71adc5b3c"},
    {file = "MarkupSafe-2.1.3-cp311-cp311-macosx_10_9_x86_64.whl", hash = "sha256:3c0fae6c3be832a0a0473ac912810b2877c8cb9d76ca48de1ed31e1c68386575"},
    {file = "MarkupSafe-2.1.3-cp311-cp311-manylinux_2_17_aarch64.manylinux2014_aarch64.whl", hash = "sha256:b076b6226fb84157e3f7c971a47ff3a679d837cf338547532ab866c57930dbee"},
    {file = "MarkupSafe-2.1.3-cp311-cp311-manylinux_2_17_x86_64.manylinux2014_x86_64.whl", hash = "sha256:bfce63a9e7834b12b87c64d6b155fdd9b3b96191b6bd334bf37db7ff1fe457f2"},
    {file = "MarkupSafe-2.1.3-cp311-cp311-manylinux_2_5_i686.manylinux1_i686.manylinux_2_17_i686.manylinux2014_i686.whl", hash = "sha256:338ae27d6b8745585f87218a3f23f1512dbf52c26c28e322dbe54bcede54ccb9"},
    {file = "MarkupSafe-2.1.3-cp311-cp311-musllinux_1_1_aarch64.whl", hash = "sha256:e4dd52d80b8c83fdce44e12478ad2e85c64ea965e75d66dbeafb0a3e77308fcc"},
    {file = "MarkupSafe-2.1.3-cp311-cp311-musllinux_1_1_i686.whl", hash = "sha256:df0be2b576a7abbf737b1575f048c23fb1d769f267ec4358296f31c2479db8f9"},
    {file = "MarkupSafe-2.1.3-cp311-cp311-musllinux_1_1_x86_64.whl", hash = "sha256:5bbe06f8eeafd38e5d0a4894ffec89378b6c6a625ff57e3028921f8ff59318ac"},
    {file = "MarkupSafe-2.1.3-cp311-cp311-win32.whl", hash = "sha256:dd15ff04ffd7e05ffcb7fe79f1b98041b8ea30ae9234aed2a9168b5797c3effb"},
    {file = "MarkupSafe-2.1.3-cp311-cp311-win_amd64.whl", hash = "sha256:134da1eca9ec0ae528110ccc9e48041e0828d79f24121a1a146161103c76e686"},
    {file = "MarkupSafe-2.1.3-cp312-cp312-macosx_10_9_universal2.whl", hash = "sha256:f698de3fd0c4e6972b92290a45bd9b1536bffe8c6759c62471efaa8acb4c37bc"},
    {file = "MarkupSafe-2.1.3-cp312-cp312-macosx_10_9_x86_64.whl", hash = "sha256:aa57bd9cf8ae831a362185ee444e15a93ecb2e344c8e52e4d721ea3ab6ef1823"},
    {file = "MarkupSafe-2.1.3-cp312-cp312-manylinux_2_17_aarch64.manylinux2014_aarch64.whl", hash = "sha256:ffcc3f7c66b5f5b7931a5aa68fc9cecc51e685ef90282f4a82f0f5e9b704ad11"},
    {file = "MarkupSafe-2.1.3-cp312-cp312-manylinux_2_17_x86_64.manylinux2014_x86_64.whl", hash = "sha256:47d4f1c5f80fc62fdd7777d0d40a2e9dda0a05883ab11374334f6c4de38adffd"},
    {file = "MarkupSafe-2.1.3-cp312-cp312-manylinux_2_5_i686.manylinux1_i686.manylinux_2_17_i686.manylinux2014_i686.whl", hash = "sha256:1f67c7038d560d92149c060157d623c542173016c4babc0c1913cca0564b9939"},
    {file = "MarkupSafe-2.1.3-cp312-cp312-musllinux_1_1_aarch64.whl", hash = "sha256:9aad3c1755095ce347e26488214ef77e0485a3c34a50c5a5e2471dff60b9dd9c"},
    {file = "MarkupSafe-2.1.3-cp312-cp312-musllinux_1_1_i686.whl", hash = "sha256:14ff806850827afd6b07a5f32bd917fb7f45b046ba40c57abdb636674a8b559c"},
    {file = "MarkupSafe-2.1.3-cp312-cp312-musllinux_1_1_x86_64.whl", hash = "sha256:8f9293864fe09b8149f0cc42ce56e3f0e54de883a9de90cd427f191c346eb2e1"},
    {file = "MarkupSafe-2.1.3-cp312-cp312-win32.whl", hash = "sha256:715d3562f79d540f251b99ebd6d8baa547118974341db04f5ad06d5ea3eb8007"},
    {file = "MarkupSafe-2.1.3-cp312-cp312-win_amd64.whl", hash = "sha256:1b8dd8c3fd14349433c79fa8abeb573a55fc0fdd769133baac1f5e07abf54aeb"},
    {file = "MarkupSafe-2.1.3-cp37-cp37m-macosx_10_9_x86_64.whl", hash = "sha256:8e254ae696c88d98da6555f5ace2279cf7cd5b3f52be2b5cf97feafe883b58d2"},
    {file = "MarkupSafe-2.1.3-cp37-cp37m-manylinux_2_17_aarch64.manylinux2014_aarch64.whl", hash = "sha256:cb0932dc158471523c9637e807d9bfb93e06a95cbf010f1a38b98623b929ef2b"},
    {file = "MarkupSafe-2.1.3-cp37-cp37m-manylinux_2_17_x86_64.manylinux2014_x86_64.whl", hash = "sha256:9402b03f1a1b4dc4c19845e5c749e3ab82d5078d16a2a4c2cd2df62d57bb0707"},
    {file = "MarkupSafe-2.1.3-cp37-cp37m-manylinux_2_5_i686.manylinux1_i686.manylinux_2_17_i686.manylinux2014_i686.whl", hash = "sha256:ca379055a47383d02a5400cb0d110cef0a776fc644cda797db0c5696cfd7e18e"},
    {file = "MarkupSafe-2.1.3-cp37-cp37m-musllinux_1_1_aarch64.whl", hash = "sha256:b7ff0f54cb4ff66dd38bebd335a38e2c22c41a8ee45aa608efc890ac3e3931bc"},
    {file = "MarkupSafe-2.1.3-cp37-cp37m-musllinux_1_1_i686.whl", hash = "sha256:c011a4149cfbcf9f03994ec2edffcb8b1dc2d2aede7ca243746df97a5d41ce48"},
    {file = "MarkupSafe-2.1.3-cp37-cp37m-musllinux_1_1_x86_64.whl", hash = "sha256:56d9f2ecac662ca1611d183feb03a3fa4406469dafe241673d521dd5ae92a155"},
    {file = "MarkupSafe-2.1.3-cp37-cp37m-win32.whl", hash = "sha256:8758846a7e80910096950b67071243da3e5a20ed2546e6392603c096778d48e0"},
    {file = "MarkupSafe-2.1.3-cp37-cp37m-win_amd64.whl", hash = "sha256:787003c0ddb00500e49a10f2844fac87aa6ce977b90b0feaaf9de23c22508b24"},
    {file = "MarkupSafe-2.1.3-cp38-cp38-macosx_10_9_universal2.whl", hash = "sha256:2ef12179d3a291be237280175b542c07a36e7f60718296278d8593d21ca937d4"},
    {file = "MarkupSafe-2.1.3-cp38-cp38-macosx_10_9_x86_64.whl", hash = "sha256:2c1b19b3aaacc6e57b7e25710ff571c24d6c3613a45e905b1fde04d691b98ee0"},
    {file = "MarkupSafe-2.1.3-cp38-cp38-manylinux_2_17_aarch64.manylinux2014_aarch64.whl", hash = "sha256:8afafd99945ead6e075b973fefa56379c5b5c53fd8937dad92c662da5d8fd5ee"},
    {file = "MarkupSafe-2.1.3-cp38-cp38-manylinux_2_17_x86_64.manylinux2014_x86_64.whl", hash = "sha256:8c41976a29d078bb235fea9b2ecd3da465df42a562910f9022f1a03107bd02be"},
    {file = "MarkupSafe-2.1.3-cp38-cp38-manylinux_2_5_i686.manylinux1_i686.manylinux_2_17_i686.manylinux2014_i686.whl", hash = "sha256:d080e0a5eb2529460b30190fcfcc4199bd7f827663f858a226a81bc27beaa97e"},
    {file = "MarkupSafe-2.1.3-cp38-cp38-musllinux_1_1_aarch64.whl", hash = "sha256:69c0f17e9f5a7afdf2cc9fb2d1ce6aabdb3bafb7f38017c0b77862bcec2bbad8"},
    {file = "MarkupSafe-2.1.3-cp38-cp38-musllinux_1_1_i686.whl", hash = "sha256:504b320cd4b7eff6f968eddf81127112db685e81f7e36e75f9f84f0df46041c3"},
    {file = "MarkupSafe-2.1.3-cp38-cp38-musllinux_1_1_x86_64.whl", hash = "sha256:42de32b22b6b804f42c5d98be4f7e5e977ecdd9ee9b660fda1a3edf03b11792d"},
    {file = "MarkupSafe-2.1.3-cp38-cp38-win32.whl", hash = "sha256:ceb01949af7121f9fc39f7d27f91be8546f3fb112c608bc4029aef0bab86a2a5"},
    {file = "MarkupSafe-2.1.3-cp38-cp38-win_amd64.whl", hash = "sha256:1b40069d487e7edb2676d3fbdb2b0829ffa2cd63a2ec26c4938b2d34391b4ecc"},
    {file = "MarkupSafe-2.1.3-cp39-cp39-macosx_10_9_universal2.whl", hash = "sha256:8023faf4e01efadfa183e863fefde0046de576c6f14659e8782065bcece22198"},
    {file = "MarkupSafe-2.1.3-cp39-cp39-macosx_10_9_x86_64.whl", hash = "sha256:6b2b56950d93e41f33b4223ead100ea0fe11f8e6ee5f641eb753ce4b77a7042b"},
    {file = "MarkupSafe-2.1.3-cp39-cp39-manylinux_2_17_aarch64.manylinux2014_aarch64.whl", hash = "sha256:9dcdfd0eaf283af041973bff14a2e143b8bd64e069f4c383416ecd79a81aab58"},
    {file = "MarkupSafe-2.1.3-cp39-cp39-manylinux_2_17_x86_64.manylinux2014_x86_64.whl", hash = "sha256:05fb21170423db021895e1ea1e1f3ab3adb85d1c2333cbc2310f2a26bc77272e"},
    {file = "MarkupSafe-2.1.3-cp39-cp39-manylinux_2_5_i686.manylinux1_i686.manylinux_2_17_i686.manylinux2014_i686.whl", hash = "sha256:282c2cb35b5b673bbcadb33a585408104df04f14b2d9b01d4c345a3b92861c2c"},
    {file = "MarkupSafe-2.1.3-cp39-cp39-musllinux_1_1_aarch64.whl", hash = "sha256:ab4a0df41e7c16a1392727727e7998a467472d0ad65f3ad5e6e765015df08636"},
    {file = "MarkupSafe-2.1.3-cp39-cp39-musllinux_1_1_i686.whl", hash = "sha256:7ef3cb2ebbf91e330e3bb937efada0edd9003683db6b57bb108c4001f37a02ea"},
    {file = "MarkupSafe-2.1.3-cp39-cp39-musllinux_1_1_x86_64.whl", hash = "sha256:0a4e4a1aff6c7ac4cd55792abf96c915634c2b97e3cc1c7129578aa68ebd754e"},
    {file = "MarkupSafe-2.1.3-cp39-cp39-win32.whl", hash = "sha256:fec21693218efe39aa7f8599346e90c705afa52c5b31ae019b2e57e8f6542bb2"},
    {file = "MarkupSafe-2.1.3-cp39-cp39-win_amd64.whl", hash = "sha256:3fd4abcb888d15a94f32b75d8fd18ee162ca0c064f35b11134be77050296d6ba"},
    {file = "MarkupSafe-2.1.3.tar.gz", hash = "sha256:af598ed32d6ae86f1b747b82783958b1a4ab8f617b06fe68795c7f026abbdcad"},
]

[[package]]
name = "mccabe"
version = "0.7.0"
description = "McCabe checker, plugin for flake8"
optional = false
python-versions = ">=3.6"
files = [
    {file = "mccabe-0.7.0-py2.py3-none-any.whl", hash = "sha256:6c2d30ab6be0e4a46919781807b4f0d834ebdd6c6e3dca0bda5a15f863427b6e"},
    {file = "mccabe-0.7.0.tar.gz", hash = "sha256:348e0240c33b60bbdf4e523192ef919f28cb2c3d7d5c7794f74009290f236325"},
]

[[package]]
name = "packaging"
version = "23.1"
description = "Core utilities for Python packages"
optional = false
python-versions = ">=3.7"
files = [
    {file = "packaging-23.1-py3-none-any.whl", hash = "sha256:994793af429502c4ea2ebf6bf664629d07c1a9fe974af92966e4b8d2df7edc61"},
    {file = "packaging-23.1.tar.gz", hash = "sha256:a392980d2b6cffa644431898be54b0045151319d1e7ec34f0cfed48767dd334f"},
]

[[package]]
name = "pluggy"
version = "1.3.0"
description = "plugin and hook calling mechanisms for python"
optional = false
python-versions = ">=3.8"
files = [
    {file = "pluggy-1.3.0-py3-none-any.whl", hash = "sha256:d89c696a773f8bd377d18e5ecda92b7a3793cbe66c87060a6fb58c7b6e1061f7"},
    {file = "pluggy-1.3.0.tar.gz", hash = "sha256:cf61ae8f126ac6f7c451172cf30e3e43d3ca77615509771b3a984a0730651e12"},
]

[package.extras]
dev = ["pre-commit", "tox"]
testing = ["pytest", "pytest-benchmark"]

[[package]]
name = "pycodestyle"
version = "2.11.0"
description = "Python style guide checker"
optional = false
python-versions = ">=3.8"
files = [
    {file = "pycodestyle-2.11.0-py2.py3-none-any.whl", hash = "sha256:5d1013ba8dc7895b548be5afb05740ca82454fd899971563d2ef625d090326f8"},
    {file = "pycodestyle-2.11.0.tar.gz", hash = "sha256:259bcc17857d8a8b3b4a2327324b79e5f020a13c16074670f9c8c8f872ea76d0"},
]

[[package]]
name = "pyflakes"
version = "3.1.0"
description = "passive checker of Python programs"
optional = false
python-versions = ">=3.8"
files = [
    {file = "pyflakes-3.1.0-py2.py3-none-any.whl", hash = "sha256:4132f6d49cb4dae6819e5379898f2b8cce3c5f23994194c24b77d5da2e36f774"},
    {file = "pyflakes-3.1.0.tar.gz", hash = "sha256:a0aae034c444db0071aa077972ba4768d40c830d9539fd45bf4cd3f8f6992efc"},
]

[[package]]
name = "pytest"
version = "7.4.1"
description = "pytest: simple powerful testing with Python"
optional = false
python-versions = ">=3.7"
files = [
    {file = "pytest-7.4.1-py3-none-any.whl", hash = "sha256:460c9a59b14e27c602eb5ece2e47bec99dc5fc5f6513cf924a7d03a578991b1f"},
    {file = "pytest-7.4.1.tar.gz", hash = "sha256:2f2301e797521b23e4d2585a0a3d7b5e50fdddaaf7e7d6773ea26ddb17c213ab"},
]

[package.dependencies]
colorama = {version = "*", markers = "sys_platform == \"win32\""}
exceptiongroup = {version = ">=1.0.0rc8", markers = "python_version < \"3.11\""}
iniconfig = "*"
packaging = "*"
pluggy = ">=0.12,<2.0"
tomli = {version = ">=1.0.0", markers = "python_version < \"3.11\""}

[package.extras]
testing = ["argcomplete", "attrs (>=19.2.0)", "hypothesis (>=3.56)", "mock", "nose", "pygments (>=2.7.2)", "requests", "setuptools", "xmlschema"]

[[package]]
name = "pytest-cov"
version = "4.1.0"
description = "Pytest plugin for measuring coverage."
optional = false
python-versions = ">=3.7"
files = [
    {file = "pytest-cov-4.1.0.tar.gz", hash = "sha256:3904b13dfbfec47f003b8e77fd5b589cd11904a21ddf1ab38a64f204d6a10ef6"},
    {file = "pytest_cov-4.1.0-py3-none-any.whl", hash = "sha256:6ba70b9e97e69fcc3fb45bfeab2d0a138fb65c4d0d6a41ef33983ad114be8c3a"},
]

[package.dependencies]
coverage = {version = ">=5.2.1", extras = ["toml"]}
pytest = ">=4.6"

[package.extras]
testing = ["fields", "hunter", "process-tests", "pytest-xdist", "six", "virtualenv"]

[[package]]
name = "pytest-html"
version = "4.0.1"
description = "pytest plugin for generating HTML reports"
optional = false
python-versions = ">=3.8"
files = [
    {file = "pytest_html-4.0.1-py3-none-any.whl", hash = "sha256:81383115dec5d182bf19c5dbae0bc2bebf7ad5c371fda477ebe9b7b054d2b63b"},
    {file = "pytest_html-4.0.1.tar.gz", hash = "sha256:2d5e2863196a940607a477d747793c75f18d76fa72276c5d4db423a39665f55c"},
]

[package.dependencies]
jinja2 = ">=3.0.0"
pytest = ">=7.0.0"
pytest-metadata = ">=2.0.0"

[package.extras]
docs = ["pip-tools (>=6.13.0)"]
test = ["assertpy (>=1.1)", "beautifulsoup4 (>=4.11.1)", "black (>=22.1.0)", "flake8 (>=4.0.1)", "pre-commit (>=2.17.0)", "pytest-mock (>=3.7.0)", "pytest-rerunfailures (>=11.1.2)", "pytest-xdist (>=2.4.0)", "selenium (>=4.3.0)", "tox (>=3.24.5)"]

[[package]]
name = "pytest-metadata"
version = "3.0.0"
description = "pytest plugin for test session metadata"
optional = false
python-versions = ">=3.7"
files = [
    {file = "pytest_metadata-3.0.0-py3-none-any.whl", hash = "sha256:a17b1e40080401dc23177599208c52228df463db191c1a573ccdffacd885e190"},
    {file = "pytest_metadata-3.0.0.tar.gz", hash = "sha256:769a9c65d2884bd583bc626b0ace77ad15dbe02dd91a9106d47fd46d9c2569ca"},
]

[package.dependencies]
pytest = ">=7.0.0"

[package.extras]
test = ["black (>=22.1.0)", "flake8 (>=4.0.1)", "pre-commit (>=2.17.0)", "tox (>=3.24.5)"]

[[package]]
name = "pytest-sugar"
version = "0.9.7"
description = "pytest-sugar is a plugin for pytest that changes the default look and feel of pytest (e.g. progressbar, show tests that fail instantly)."
optional = false
python-versions = "*"
files = [
    {file = "pytest-sugar-0.9.7.tar.gz", hash = "sha256:f1e74c1abfa55f7241cf7088032b6e378566f16b938f3f08905e2cf4494edd46"},
    {file = "pytest_sugar-0.9.7-py2.py3-none-any.whl", hash = "sha256:8cb5a4e5f8bbcd834622b0235db9e50432f4cbd71fef55b467fe44e43701e062"},
]

[package.dependencies]
packaging = ">=21.3"
pytest = ">=6.2.0"
termcolor = ">=2.1.0"

[package.extras]
dev = ["black", "flake8", "pre-commit"]

[[package]]
name = "termcolor"
version = "2.3.0"
description = "ANSI color formatting for output in terminal"
optional = false
python-versions = ">=3.7"
files = [
    {file = "termcolor-2.3.0-py3-none-any.whl", hash = "sha256:3afb05607b89aed0ffe25202399ee0867ad4d3cb4180d98aaf8eefa6a5f7d475"},
    {file = "termcolor-2.3.0.tar.gz", hash = "sha256:b5b08f68937f138fe92f6c089b99f1e2da0ae56c52b78bf7075fd95420fd9a5a"},
]

[package.extras]
tests = ["pytest", "pytest-cov"]

[[package]]
name = "tomli"
version = "2.0.1"
description = "A lil' TOML parser"
optional = false
python-versions = ">=3.7"
files = [
    {file = "tomli-2.0.1-py3-none-any.whl", hash = "sha256:939de3e7a6161af0c887ef91b7d41a53e7c5a1ca976325f429cb46ea9bc30ecc"},
    {file = "tomli-2.0.1.tar.gz", hash = "sha256:de526c12914f0c550d15924c62d72abc48d6fe7364aa87328337a31007fe8a4f"},
]

[metadata]
lock-version = "2.0"
python-versions = ">=3.8.1,<3.12"
content-hash = "a3bce9058de38b489dbec6409f28625f150fa1b6d2b9c59e37a338c47331b40d"
