# This file is automatically @generated by Poetry 1.7.1 and should not be changed by hand.

[[package]]
name = "autopep8"
version = "2.0.2"
description = "A tool that automatically formats Python code to conform to the PEP 8 style guide"
optional = false
python-versions = ">=3.6"
files = [
    {file = "autopep8-2.0.2-py2.py3-none-any.whl", hash = "sha256:86e9303b5e5c8160872b2f5ef611161b2893e9bfe8ccc7e2f76385947d57a2f1"},
    {file = "autopep8-2.0.2.tar.gz", hash = "sha256:f9849cdd62108cb739dbcdbfb7fdcc9a30d1b63c4cc3e1c1f893b5360941b61c"},
]

[package.dependencies]
pycodestyle = ">=2.10.0"
tomli = {version = "*", markers = "python_version < \"3.11\""}

[[package]]
name = "colorama"
version = "0.4.6"
description = "Cross-platform colored terminal text."
optional = false
python-versions = "!=3.0.*,!=3.1.*,!=3.2.*,!=3.3.*,!=3.4.*,!=3.5.*,!=3.6.*,>=2.7"
files = [
    {file = "colorama-0.4.6-py2.py3-none-any.whl", hash = "sha256:4f1d9991f5acc0ca119f9d443620b77f9d6b33703e51011c16baf57afb285fc6"},
    {file = "colorama-0.4.6.tar.gz", hash = "sha256:08695f5cb7ed6e0531a20572697297273c47b8cae5a63ffc6d6ed5c201be6e44"},
]

[[package]]
name = "coverage"
version = "7.3.3"
description = "Code coverage measurement for Python"
optional = false
python-versions = ">=3.8"
files = [
    {file = "coverage-7.3.3-cp310-cp310-macosx_10_9_x86_64.whl", hash = "sha256:d874434e0cb7b90f7af2b6e3309b0733cde8ec1476eb47db148ed7deeb2a9494"},
    {file = "coverage-7.3.3-cp310-cp310-macosx_11_0_arm64.whl", hash = "sha256:ee6621dccce8af666b8c4651f9f43467bfbf409607c604b840b78f4ff3619aeb"},
    {file = "coverage-7.3.3-cp310-cp310-manylinux_2_17_aarch64.manylinux2014_aarch64.whl", hash = "sha256:1367aa411afb4431ab58fd7ee102adb2665894d047c490649e86219327183134"},
    {file = "coverage-7.3.3-cp310-cp310-manylinux_2_5_i686.manylinux1_i686.manylinux_2_17_i686.manylinux2014_i686.whl", hash = "sha256:1f0f8f0c497eb9c9f18f21de0750c8d8b4b9c7000b43996a094290b59d0e7523"},
    {file = "coverage-7.3.3-cp310-cp310-manylinux_2_5_x86_64.manylinux1_x86_64.manylinux_2_17_x86_64.manylinux2014_x86_64.whl", hash = "sha256:db0338c4b0951d93d547e0ff8d8ea340fecf5885f5b00b23be5aa99549e14cfd"},
    {file = "coverage-7.3.3-cp310-cp310-musllinux_1_1_aarch64.whl", hash = "sha256:d31650d313bd90d027f4be7663dfa2241079edd780b56ac416b56eebe0a21aab"},
    {file = "coverage-7.3.3-cp310-cp310-musllinux_1_1_i686.whl", hash = "sha256:9437a4074b43c177c92c96d051957592afd85ba00d3e92002c8ef45ee75df438"},
    {file = "coverage-7.3.3-cp310-cp310-musllinux_1_1_x86_64.whl", hash = "sha256:9e17d9cb06c13b4f2ef570355fa45797d10f19ca71395910b249e3f77942a837"},
    {file = "coverage-7.3.3-cp310-cp310-win32.whl", hash = "sha256:eee5e741b43ea1b49d98ab6e40f7e299e97715af2488d1c77a90de4a663a86e2"},
    {file = "coverage-7.3.3-cp310-cp310-win_amd64.whl", hash = "sha256:593efa42160c15c59ee9b66c5f27a453ed3968718e6e58431cdfb2d50d5ad284"},
    {file = "coverage-7.3.3-cp311-cp311-macosx_10_9_x86_64.whl", hash = "sha256:8c944cf1775235c0857829c275c777a2c3e33032e544bcef614036f337ac37bb"},
    {file = "coverage-7.3.3-cp311-cp311-macosx_11_0_arm64.whl", hash = "sha256:eda7f6e92358ac9e1717ce1f0377ed2b9320cea070906ece4e5c11d172a45a39"},
    {file = "coverage-7.3.3-cp311-cp311-manylinux_2_17_aarch64.manylinux2014_aarch64.whl", hash = "sha256:3c854c1d2c7d3e47f7120b560d1a30c1ca221e207439608d27bc4d08fd4aeae8"},
    {file = "coverage-7.3.3-cp311-cp311-manylinux_2_5_i686.manylinux1_i686.manylinux_2_17_i686.manylinux2014_i686.whl", hash = "sha256:222b038f08a7ebed1e4e78ccf3c09a1ca4ac3da16de983e66520973443b546bc"},
    {file = "coverage-7.3.3-cp311-cp311-manylinux_2_5_x86_64.manylinux1_x86_64.manylinux_2_17_x86_64.manylinux2014_x86_64.whl", hash = "sha256:ff4800783d85bff132f2cc7d007426ec698cdce08c3062c8d501ad3f4ea3d16c"},
    {file = "coverage-7.3.3-cp311-cp311-musllinux_1_1_aarch64.whl", hash = "sha256:fc200cec654311ca2c3f5ab3ce2220521b3d4732f68e1b1e79bef8fcfc1f2b97"},
    {file = "coverage-7.3.3-cp311-cp311-musllinux_1_1_i686.whl", hash = "sha256:307aecb65bb77cbfebf2eb6e12009e9034d050c6c69d8a5f3f737b329f4f15fb"},
    {file = "coverage-7.3.3-cp311-cp311-musllinux_1_1_x86_64.whl", hash = "sha256:ffb0eacbadb705c0a6969b0adf468f126b064f3362411df95f6d4f31c40d31c1"},
    {file = "coverage-7.3.3-cp311-cp311-win32.whl", hash = "sha256:79c32f875fd7c0ed8d642b221cf81feba98183d2ff14d1f37a1bbce6b0347d9f"},
    {file = "coverage-7.3.3-cp311-cp311-win_amd64.whl", hash = "sha256:243576944f7c1a1205e5cd658533a50eba662c74f9be4c050d51c69bd4532936"},
    {file = "coverage-7.3.3-cp312-cp312-macosx_10_9_x86_64.whl", hash = "sha256:a2ac4245f18057dfec3b0074c4eb366953bca6787f1ec397c004c78176a23d56"},
    {file = "coverage-7.3.3-cp312-cp312-macosx_11_0_arm64.whl", hash = "sha256:f9191be7af41f0b54324ded600e8ddbcabea23e1e8ba419d9a53b241dece821d"},
    {file = "coverage-7.3.3-cp312-cp312-manylinux_2_17_aarch64.manylinux2014_aarch64.whl", hash = "sha256:31c0b1b8b5a4aebf8fcd227237fc4263aa7fa0ddcd4d288d42f50eff18b0bac4"},
    {file = "coverage-7.3.3-cp312-cp312-manylinux_2_5_i686.manylinux1_i686.manylinux_2_17_i686.manylinux2014_i686.whl", hash = "sha256:ee453085279df1bac0996bc97004771a4a052b1f1e23f6101213e3796ff3cb85"},
    {file = "coverage-7.3.3-cp312-cp312-manylinux_2_5_x86_64.manylinux1_x86_64.manylinux_2_17_x86_64.manylinux2014_x86_64.whl", hash = "sha256:1191270b06ecd68b1d00897b2daddb98e1719f63750969614ceb3438228c088e"},
    {file = "coverage-7.3.3-cp312-cp312-musllinux_1_1_aarch64.whl", hash = "sha256:007a7e49831cfe387473e92e9ff07377f6121120669ddc39674e7244350a6a29"},
    {file = "coverage-7.3.3-cp312-cp312-musllinux_1_1_i686.whl", hash = "sha256:af75cf83c2d57717a8493ed2246d34b1f3398cb8a92b10fd7a1858cad8e78f59"},
    {file = "coverage-7.3.3-cp312-cp312-musllinux_1_1_x86_64.whl", hash = "sha256:811ca7373da32f1ccee2927dc27dc523462fd30674a80102f86c6753d6681bc6"},
    {file = "coverage-7.3.3-cp312-cp312-win32.whl", hash = "sha256:733537a182b5d62184f2a72796eb6901299898231a8e4f84c858c68684b25a70"},
    {file = "coverage-7.3.3-cp312-cp312-win_amd64.whl", hash = "sha256:e995efb191f04b01ced307dbd7407ebf6e6dc209b528d75583277b10fd1800ee"},
    {file = "coverage-7.3.3-cp38-cp38-macosx_10_9_x86_64.whl", hash = "sha256:fbd8a5fe6c893de21a3c6835071ec116d79334fbdf641743332e442a3466f7ea"},
    {file = "coverage-7.3.3-cp38-cp38-macosx_11_0_arm64.whl", hash = "sha256:50c472c1916540f8b2deef10cdc736cd2b3d1464d3945e4da0333862270dcb15"},
    {file = "coverage-7.3.3-cp38-cp38-manylinux_2_17_aarch64.manylinux2014_aarch64.whl", hash = "sha256:2e9223a18f51d00d3ce239c39fc41410489ec7a248a84fab443fbb39c943616c"},
    {file = "coverage-7.3.3-cp38-cp38-manylinux_2_5_i686.manylinux1_i686.manylinux_2_17_i686.manylinux2014_i686.whl", hash = "sha256:f501e36ac428c1b334c41e196ff6bd550c0353c7314716e80055b1f0a32ba394"},
    {file = "coverage-7.3.3-cp38-cp38-manylinux_2_5_x86_64.manylinux1_x86_64.manylinux_2_17_x86_64.manylinux2014_x86_64.whl", hash = "sha256:475de8213ed95a6b6283056d180b2442eee38d5948d735cd3d3b52b86dd65b92"},
    {file = "coverage-7.3.3-cp38-cp38-musllinux_1_1_aarch64.whl", hash = "sha256:afdcc10c01d0db217fc0a64f58c7edd635b8f27787fea0a3054b856a6dff8717"},
    {file = "coverage-7.3.3-cp38-cp38-musllinux_1_1_i686.whl", hash = "sha256:fff0b2f249ac642fd735f009b8363c2b46cf406d3caec00e4deeb79b5ff39b40"},
    {file = "coverage-7.3.3-cp38-cp38-musllinux_1_1_x86_64.whl", hash = "sha256:a1f76cfc122c9e0f62dbe0460ec9cc7696fc9a0293931a33b8870f78cf83a327"},
    {file = "coverage-7.3.3-cp38-cp38-win32.whl", hash = "sha256:757453848c18d7ab5d5b5f1827293d580f156f1c2c8cef45bfc21f37d8681069"},
    {file = "coverage-7.3.3-cp38-cp38-win_amd64.whl", hash = "sha256:ad2453b852a1316c8a103c9c970db8fbc262f4f6b930aa6c606df9b2766eee06"},
    {file = "coverage-7.3.3-cp39-cp39-macosx_10_9_x86_64.whl", hash = "sha256:3b15e03b8ee6a908db48eccf4e4e42397f146ab1e91c6324da44197a45cb9132"},
    {file = "coverage-7.3.3-cp39-cp39-macosx_11_0_arm64.whl", hash = "sha256:89400aa1752e09f666cc48708eaa171eef0ebe3d5f74044b614729231763ae69"},
    {file = "coverage-7.3.3-cp39-cp39-manylinux_2_17_aarch64.manylinux2014_aarch64.whl", hash = "sha256:c59a3e59fb95e6d72e71dc915e6d7fa568863fad0a80b33bc7b82d6e9f844973"},
    {file = "coverage-7.3.3-cp39-cp39-manylinux_2_5_i686.manylinux1_i686.manylinux_2_17_i686.manylinux2014_i686.whl", hash = "sha256:9ede881c7618f9cf93e2df0421ee127afdfd267d1b5d0c59bcea771cf160ea4a"},
    {file = "coverage-7.3.3-cp39-cp39-manylinux_2_5_x86_64.manylinux1_x86_64.manylinux_2_17_x86_64.manylinux2014_x86_64.whl", hash = "sha256:f3bfd2c2f0e5384276e12b14882bf2c7621f97c35320c3e7132c156ce18436a1"},
    {file = "coverage-7.3.3-cp39-cp39-musllinux_1_1_aarch64.whl", hash = "sha256:7f3bad1a9313401ff2964e411ab7d57fb700a2d5478b727e13f156c8f89774a0"},
    {file = "coverage-7.3.3-cp39-cp39-musllinux_1_1_i686.whl", hash = "sha256:65d716b736f16e250435473c5ca01285d73c29f20097decdbb12571d5dfb2c94"},
    {file = "coverage-7.3.3-cp39-cp39-musllinux_1_1_x86_64.whl", hash = "sha256:a702e66483b1fe602717020a0e90506e759c84a71dbc1616dd55d29d86a9b91f"},
    {file = "coverage-7.3.3-cp39-cp39-win32.whl", hash = "sha256:7fbf3f5756e7955174a31fb579307d69ffca91ad163467ed123858ce0f3fd4aa"},
    {file = "coverage-7.3.3-cp39-cp39-win_amd64.whl", hash = "sha256:cad9afc1644b979211989ec3ff7d82110b2ed52995c2f7263e7841c846a75348"},
    {file = "coverage-7.3.3-pp38.pp39.pp310-none-any.whl", hash = "sha256:d299d379b676812e142fb57662a8d0d810b859421412b4d7af996154c00c31bb"},
    {file = "coverage-7.3.3.tar.gz", hash = "sha256:df04c64e58df96b4427db8d0559e95e2df3138c9916c96f9f6a4dd220db2fdb7"},
]

[package.dependencies]
tomli = {version = "*", optional = true, markers = "python_full_version <= \"3.11.0a6\" and extra == \"toml\""}

[package.extras]
toml = ["tomli"]

[[package]]
name = "exceptiongroup"
version = "1.2.0"
description = "Backport of PEP 654 (exception groups)"
optional = false
python-versions = ">=3.7"
files = [
    {file = "exceptiongroup-1.2.0-py3-none-any.whl", hash = "sha256:4bfd3996ac73b41e9b9628b04e079f193850720ea5945fc96a08633c66912f14"},
    {file = "exceptiongroup-1.2.0.tar.gz", hash = "sha256:91f5c769735f051a4290d52edd0858999b57e5876e9f85937691bd4c9fa3ed68"},
]

[package.extras]
test = ["pytest (>=6)"]

[[package]]
name = "flake8"
version = "6.0.0"
description = "the modular source code checker: pep8 pyflakes and co"
optional = false
python-versions = ">=3.8.1"
files = [
    {file = "flake8-6.0.0-py2.py3-none-any.whl", hash = "sha256:3833794e27ff64ea4e9cf5d410082a8b97ff1a06c16aa3d2027339cd0f1195c7"},
    {file = "flake8-6.0.0.tar.gz", hash = "sha256:c61007e76655af75e6785a931f452915b371dc48f56efd765247c8fe68f2b181"},
]

[package.dependencies]
mccabe = ">=0.7.0,<0.8.0"
pycodestyle = ">=2.10.0,<2.11.0"
pyflakes = ">=3.0.0,<3.1.0"

[[package]]
name = "iniconfig"
version = "2.0.0"
description = "brain-dead simple config-ini parsing"
optional = false
python-versions = ">=3.7"
files = [
    {file = "iniconfig-2.0.0-py3-none-any.whl", hash = "sha256:b6a85871a79d2e3b22d2d1b94ac2824226a63c6b741c88f7ae975f18b6778374"},
    {file = "iniconfig-2.0.0.tar.gz", hash = "sha256:2d91e135bf72d31a410b17c16da610a82cb55f6b0477d1a902134b24a455b8b3"},
]

[[package]]
name = "mccabe"
version = "0.7.0"
description = "McCabe checker, plugin for flake8"
optional = false
python-versions = ">=3.6"
files = [
    {file = "mccabe-0.7.0-py2.py3-none-any.whl", hash = "sha256:6c2d30ab6be0e4a46919781807b4f0d834ebdd6c6e3dca0bda5a15f863427b6e"},
    {file = "mccabe-0.7.0.tar.gz", hash = "sha256:348e0240c33b60bbdf4e523192ef919f28cb2c3d7d5c7794f74009290f236325"},
]

[[package]]
name = "packaging"
version = "23.2"
description = "Core utilities for Python packages"
optional = false
python-versions = ">=3.7"
files = [
    {file = "packaging-23.2-py3-none-any.whl", hash = "sha256:8c491190033a9af7e1d931d0b5dacc2ef47509b34dd0de67ed209b5203fc88c7"},
    {file = "packaging-23.2.tar.gz", hash = "sha256:048fb0e9405036518eaaf48a55953c750c11e1a1b68e0dd1a9d62ed0c092cfc5"},
]

[[package]]
name = "pluggy"
version = "1.3.0"
description = "plugin and hook calling mechanisms for python"
optional = false
python-versions = ">=3.8"
files = [
    {file = "pluggy-1.3.0-py3-none-any.whl", hash = "sha256:d89c696a773f8bd377d18e5ecda92b7a3793cbe66c87060a6fb58c7b6e1061f7"},
    {file = "pluggy-1.3.0.tar.gz", hash = "sha256:cf61ae8f126ac6f7c451172cf30e3e43d3ca77615509771b3a984a0730651e12"},
]

[package.extras]
dev = ["pre-commit", "tox"]
testing = ["pytest", "pytest-benchmark"]

[[package]]
name = "py"
version = "1.11.0"
description = "library with cross-python path, ini-parsing, io, code, log facilities"
optional = false
python-versions = ">=2.7, !=3.0.*, !=3.1.*, !=3.2.*, !=3.3.*, !=3.4.*"
files = [
    {file = "py-1.11.0-py2.py3-none-any.whl", hash = "sha256:607c53218732647dff4acdfcd50cb62615cedf612e72d1724fb1a0cc6405b378"},
    {file = "py-1.11.0.tar.gz", hash = "sha256:51c75c4126074b472f746a24399ad32f6053d1b34b68d2fa41e558e6f4a98719"},
]

[[package]]
name = "pycodestyle"
version = "2.10.0"
description = "Python style guide checker"
optional = false
python-versions = ">=3.6"
files = [
    {file = "pycodestyle-2.10.0-py2.py3-none-any.whl", hash = "sha256:8a4eaf0d0495c7395bdab3589ac2db602797d76207242c17d470186815706610"},
    {file = "pycodestyle-2.10.0.tar.gz", hash = "sha256:347187bdb476329d98f695c213d7295a846d1152ff4fe9bacb8a9590b8ee7053"},
]

[[package]]
name = "pyflakes"
version = "3.0.1"
description = "passive checker of Python programs"
optional = false
python-versions = ">=3.6"
files = [
    {file = "pyflakes-3.0.1-py2.py3-none-any.whl", hash = "sha256:ec55bf7fe21fff7f1ad2f7da62363d749e2a470500eab1b555334b67aa1ef8cf"},
    {file = "pyflakes-3.0.1.tar.gz", hash = "sha256:ec8b276a6b60bd80defed25add7e439881c19e64850afd9b346283d4165fd0fd"},
]

[[package]]
name = "pytest"
version = "7.3.1"
description = "pytest: simple powerful testing with Python"
optional = false
python-versions = ">=3.7"
files = [
    {file = "pytest-7.3.1-py3-none-any.whl", hash = "sha256:3799fa815351fea3a5e96ac7e503a96fa51cc9942c3753cda7651b93c1cfa362"},
    {file = "pytest-7.3.1.tar.gz", hash = "sha256:434afafd78b1d78ed0addf160ad2b77a30d35d4bdf8af234fe621919d9ed15e3"},
]

[package.dependencies]
colorama = {version = "*", markers = "sys_platform == \"win32\""}
exceptiongroup = {version = ">=1.0.0rc8", markers = "python_version < \"3.11\""}
iniconfig = "*"
packaging = "*"
pluggy = ">=0.12,<2.0"
tomli = {version = ">=1.0.0", markers = "python_version < \"3.11\""}

[package.extras]
testing = ["argcomplete", "attrs (>=19.2.0)", "hypothesis (>=3.56)", "mock", "nose", "pygments (>=2.7.2)", "requests", "xmlschema"]

[[package]]
name = "pytest-cov"
version = "4.1.0"
description = "Pytest plugin for measuring coverage."
optional = false
python-versions = ">=3.7"
files = [
    {file = "pytest-cov-4.1.0.tar.gz", hash = "sha256:3904b13dfbfec47f003b8e77fd5b589cd11904a21ddf1ab38a64f204d6a10ef6"},
    {file = "pytest_cov-4.1.0-py3-none-any.whl", hash = "sha256:6ba70b9e97e69fcc3fb45bfeab2d0a138fb65c4d0d6a41ef33983ad114be8c3a"},
]

[package.dependencies]
coverage = {version = ">=5.2.1", extras = ["toml"]}
pytest = ">=4.6"

[package.extras]
testing = ["fields", "hunter", "process-tests", "pytest-xdist", "six", "virtualenv"]

[[package]]
name = "pytest-html"
version = "3.2.0"
description = "pytest plugin for generating HTML reports"
optional = false
python-versions = ">=3.6"
files = [
    {file = "pytest-html-3.2.0.tar.gz", hash = "sha256:c4e2f4bb0bffc437f51ad2174a8a3e71df81bbc2f6894604e604af18fbe687c3"},
    {file = "pytest_html-3.2.0-py3-none-any.whl", hash = "sha256:868c08564a68d8b2c26866f1e33178419bb35b1e127c33784a28622eb827f3f3"},
]

[package.dependencies]
py = ">=1.8.2"
pytest = ">=5.0,<6.0.0 || >6.0.0"
pytest-metadata = "*"

[[package]]
name = "pytest-metadata"
version = "3.0.0"
description = "pytest plugin for test session metadata"
optional = false
python-versions = ">=3.7"
files = [
    {file = "pytest_metadata-3.0.0-py3-none-any.whl", hash = "sha256:a17b1e40080401dc23177599208c52228df463db191c1a573ccdffacd885e190"},
    {file = "pytest_metadata-3.0.0.tar.gz", hash = "sha256:769a9c65d2884bd583bc626b0ace77ad15dbe02dd91a9106d47fd46d9c2569ca"},
]

[package.dependencies]
pytest = ">=7.0.0"

[package.extras]
test = ["black (>=22.1.0)", "flake8 (>=4.0.1)", "pre-commit (>=2.17.0)", "tox (>=3.24.5)"]

[[package]]
name = "pytest-sugar"
version = "0.9.7"
description = "pytest-sugar is a plugin for pytest that changes the default look and feel of pytest (e.g. progressbar, show tests that fail instantly)."
optional = false
python-versions = "*"
files = [
    {file = "pytest-sugar-0.9.7.tar.gz", hash = "sha256:f1e74c1abfa55f7241cf7088032b6e378566f16b938f3f08905e2cf4494edd46"},
    {file = "pytest_sugar-0.9.7-py2.py3-none-any.whl", hash = "sha256:8cb5a4e5f8bbcd834622b0235db9e50432f4cbd71fef55b467fe44e43701e062"},
]

[package.dependencies]
packaging = ">=21.3"
pytest = ">=6.2.0"
termcolor = ">=2.1.0"

[package.extras]
dev = ["black", "flake8", "pre-commit"]

[[package]]
name = "termcolor"
version = "2.4.0"
description = "ANSI color formatting for output in terminal"
optional = false
python-versions = ">=3.8"
files = [
    {file = "termcolor-2.4.0-py3-none-any.whl", hash = "sha256:9297c0df9c99445c2412e832e882a7884038a25617c60cea2ad69488d4040d63"},
    {file = "termcolor-2.4.0.tar.gz", hash = "sha256:aab9e56047c8ac41ed798fa36d892a37aca6b3e9159f3e0c24bc64a9b3ac7b7a"},
]

[package.extras]
tests = ["pytest", "pytest-cov"]

[[package]]
name = "tomli"
version = "2.0.1"
description = "A lil' TOML parser"
optional = false
python-versions = ">=3.7"
files = [
    {file = "tomli-2.0.1-py3-none-any.whl", hash = "sha256:939de3e7a6161af0c887ef91b7d41a53e7c5a1ca976325f429cb46ea9bc30ecc"},
    {file = "tomli-2.0.1.tar.gz", hash = "sha256:de526c12914f0c550d15924c62d72abc48d6fe7364aa87328337a31007fe8a4f"},
]

[metadata]
lock-version = "2.0"
python-versions = ">=3.9,<3.11"
content-hash = "5ecefb186bbe0969bc1d96f275d75ef6df9b079787f97c86ab779a94010bbbf4"
